
Microsoft Visual Studio Solution File, Format Version 12.00
# Visual Studio Version 17
VisualStudioVersion = 17.5.33516.290
MinimumVisualStudioVersion = 10.0.40219.1
Project("{FAE04EC0-301F-11D3-BF4B-00C04F79EFBC}") = "Vers0", "Vers0.csproj", "{A6D4E13D-125E-4B11-B9F6-F423601688BC}"
EndProject
Global
	GlobalSection(SolutionConfigurationPlatforms) = preSolution
		Debug|Any CPU = Debug|Any CPU
		Release|Any CPU = Release|Any CPU
	EndGlobalSection
	GlobalSection(ProjectConfigurationPlatforms) = postSolution
		{A6D4E13D-125E-4B11-B9F6-F423601688BC}.Debug|Any CPU.ActiveCfg = Debug|Any CPU
		{A6D4E13D-125E-4B11-B9F6-F423601688BC}.Debug|Any CPU.Build.0 = Debug|Any CPU
		{A6D4E13D-125E-4B11-B9F6-F423601688BC}.Release|Any CPU.ActiveCfg = Release|Any CPU
		{A6D4E13D-125E-4B11-B9F6-F423601688BC}.Release|Any CPU.Build.0 = Release|Any CPU
	EndGlobalSection
	GlobalSection(SolutionProperties) = preSolution
		HideSolutionNode = FALSE
	EndGlobalSection
	GlobalSection(ExtensibilityGlobals) = postSolution
		SolutionGuid = {59D6E3EC-AD4C-455E-821C-DF906E2D13D7}
	EndGlobalSection
EndGlobal
